
Microsoft Visual Studio Solution File, Format Version 12.00
# Visual Studio Version 17
VisualStudioVersion = 17.2.32616.157
MinimumVisualStudioVersion = 10.0.40219.1
Project("{9A19103F-16F7-4668-BE54-9A1E7A4F7556}") = "FlatRockTech", "FlatRockTech\FlatRockTech.csproj", "{E51B9FC8-9D61-49CE-9A7B-47CA107EC185}"
EndProject
Project("{FAE04EC0-301F-11D3-BF4B-00C04F79EFBC}") = "FlatRockTech_DataAccess", "FlatRockTech_DataAccess\FlatRockTech_DataAccess.csproj", "{CA80AA1B-2762-4A5C-B7D5-8F24D85F51BA}"
EndProject
Project("{FAE04EC0-301F-11D3-BF4B-00C04F79EFBC}") = "FlatRockTech_Models", "FlatRockTech_Models\FlatRockTech_Models.csproj", "{E3160C5C-8D1E-4929-9D6F-397BD275A0E7}"
EndProject
Global
	GlobalSection(SolutionConfigurationPlatforms) = preSolution
		Debug|Any CPU = Debug|Any CPU
		Release|Any CPU = Release|Any CPU
	EndGlobalSection
	GlobalSection(ProjectConfigurationPlatforms) = postSolution
		{E51B9FC8-9D61-49CE-9A7B-47CA107EC185}.Debug|Any CPU.ActiveCfg = Debug|Any CPU
		{E51B9FC8-9D61-49CE-9A7B-47CA107EC185}.Debug|Any CPU.Build.0 = Debug|Any CPU
		{E51B9FC8-9D61-49CE-9A7B-47CA107EC185}.Release|Any CPU.ActiveCfg = Release|Any CPU
		{E51B9FC8-9D61-49CE-9A7B-47CA107EC185}.Release|Any CPU.Build.0 = Release|Any CPU
		{CA80AA1B-2762-4A5C-B7D5-8F24D85F51BA}.Debug|Any CPU.ActiveCfg = Debug|Any CPU
		{CA80AA1B-2762-4A5C-B7D5-8F24D85F51BA}.Debug|Any CPU.Build.0 = Debug|Any CPU
		{CA80AA1B-2762-4A5C-B7D5-8F24D85F51BA}.Release|Any CPU.ActiveCfg = Release|Any CPU
		{CA80AA1B-2762-4A5C-B7D5-8F24D85F51BA}.Release|Any CPU.Build.0 = Release|Any CPU
		{E3160C5C-8D1E-4929-9D6F-397BD275A0E7}.Debug|Any CPU.ActiveCfg = Debug|Any CPU
		{E3160C5C-8D1E-4929-9D6F-397BD275A0E7}.Debug|Any CPU.Build.0 = Debug|Any CPU
		{E3160C5C-8D1E-4929-9D6F-397BD275A0E7}.Release|Any CPU.ActiveCfg = Release|Any CPU
		{E3160C5C-8D1E-4929-9D6F-397BD275A0E7}.Release|Any CPU.Build.0 = Release|Any CPU
	EndGlobalSection
	GlobalSection(SolutionProperties) = preSolution
		HideSolutionNode = FALSE
	EndGlobalSection
	GlobalSection(ExtensibilityGlobals) = postSolution
		SolutionGuid = {E7A3589D-E2D1-40E3-A659-2659780302E5}
	EndGlobalSection
EndGlobal
